
Microsoft Visual Studio Solution File, Format Version 12.00
# Visual Studio Version 17
VisualStudioVersion = 17.14.36717.8
MinimumVisualStudioVersion = 10.0.40219.1
Project("{2150E333-8FDC-42A3-9474-1A3956D46DE8}") = "src", "src", "{02EA681E-C7D8-13C7-8484-4AC65E1B71E8}"
EndProject
Project("{2150E333-8FDC-42A3-9474-1A3956D46DE8}") = "tests", "tests", "{1C80462E-3364-4FCA-98AE-A50DC1635F2F}"
EndProject
Project("{2150E333-8FDC-42A3-9474-1A3956D46DE8}") = "Backend", "Backend", "{7A9DCF00-FA99-4A3C-8F73-C1E9B903EB05}"
EndProject
Project("{2150E333-8FDC-42A3-9474-1A3956D46DE8}") = "Shared", "Shared", "{4592F065-1DC5-4C1A-AD63-1CCAA8A997F5}"
EndProject
Project("{FAE04EC0-301F-11D3-BF4B-00C04F79EFBC}") = "UrlShortener.API", "src\Backend\UrlShortener.API\UrlShortener.API.csproj", "{483A9754-9EF4-4ACF-9723-C23AF732B53F}"
EndProject
Project("{FAE04EC0-301F-11D3-BF4B-00C04F79EFBC}") = "UrlShortener.Application", "src\Backend\UrlShortener.Application\UrlShortener.Application.csproj", "{E438BA18-C93C-4DC8-8D45-2445062714D2}"
EndProject
Project("{FAE04EC0-301F-11D3-BF4B-00C04F79EFBC}") = "UrlShortener.Domain", "src\Backend\UrlShortener.Domain\UrlShortener.Domain.csproj", "{9B1ECC56-1621-4F3B-8CCB-768B92FE9CCA}"
EndProject
Project("{FAE04EC0-301F-11D3-BF4B-00C04F79EFBC}") = "UrlShortener.Communication", "src\Shared\UrlShortener.Communication\UrlShortener.Communication.csproj", "{17536663-C115-4A35-B2E1-5B146E3D1532}"
EndProject
Project("{FAE04EC0-301F-11D3-BF4B-00C04F79EFBC}") = "CommonTestUtilities", "tests\CommonTestUtilities\CommonTestUtilities.csproj", "{3B41297A-78FA-4FBD-97DA-3C2AC4E0AB4A}"
EndProject
Project("{FAE04EC0-301F-11D3-BF4B-00C04F79EFBC}") = "Validators.Test", "tests\Validators.Test\Validators.Test.csproj", "{BE2188B0-51FA-441B-A2A8-CB8F443F4682}"
EndProject
Project("{FAE04EC0-301F-11D3-BF4B-00C04F79EFBC}") = "UseCases.Test", "tests\UseCases.Test\UseCases.Test.csproj", "{CC0FAC53-627C-4C1F-B0F0-7E75DEDF0A2F}"
EndProject
Project("{FAE04EC0-301F-11D3-BF4B-00C04F79EFBC}") = "Api.Test", "tests\Api.Test\Api.Test.csproj", "{ADECC535-B30E-495A-8820-6AEC6EDD0826}"
EndProject
Project("{FAE04EC0-301F-11D3-BF4B-00C04F79EFBC}") = "UrlShortener.Infrastructure", "src\Backend\UrlShortener.Infrastructure\UrlShortener.Infrastructure.csproj", "{4839DE81-61C1-448B-A67D-8F54F4FCF13D}"
EndProject
Project("{FAE04EC0-301F-11D3-BF4B-00C04F79EFBC}") = "UrlShortener.Exceptions", "src\Shared\UrlShortener.Exceptions\UrlShortener.Exceptions.csproj", "{7D8A5EFE-AFEB-48B6-9772-BB891A415F7E}"
EndProject
Global
	GlobalSection(SolutionConfigurationPlatforms) = preSolution
		Debug|Any CPU = Debug|Any CPU
		Release|Any CPU = Release|Any CPU
	EndGlobalSection
	GlobalSection(ProjectConfigurationPlatforms) = postSolution
		{483A9754-9EF4-4ACF-9723-C23AF732B53F}.Debug|Any CPU.ActiveCfg = Debug|Any CPU
		{483A9754-9EF4-4ACF-9723-C23AF732B53F}.Debug|Any CPU.Build.0 = Debug|Any CPU
		{483A9754-9EF4-4ACF-9723-C23AF732B53F}.Release|Any CPU.ActiveCfg = Release|Any CPU
		{483A9754-9EF4-4ACF-9723-C23AF732B53F}.Release|Any CPU.Build.0 = Release|Any CPU
		{E438BA18-C93C-4DC8-8D45-2445062714D2}.Debug|Any CPU.ActiveCfg = Debug|Any CPU
		{E438BA18-C93C-4DC8-8D45-2445062714D2}.Debug|Any CPU.Build.0 = Debug|Any CPU
		{E438BA18-C93C-4DC8-8D45-2445062714D2}.Release|Any CPU.ActiveCfg = Release|Any CPU
		{E438BA18-C93C-4DC8-8D45-2445062714D2}.Release|Any CPU.Build.0 = Release|Any CPU
		{9B1ECC56-1621-4F3B-8CCB-768B92FE9CCA}.Debug|Any CPU.ActiveCfg = Debug|Any CPU
		{9B1ECC56-1621-4F3B-8CCB-768B92FE9CCA}.Debug|Any CPU.Build.0 = Debug|Any CPU
		{9B1ECC56-1621-4F3B-8CCB-768B92FE9CCA}.Release|Any CPU.ActiveCfg = Release|Any CPU
		{9B1ECC56-1621-4F3B-8CCB-768B92FE9CCA}.Release|Any CPU.Build.0 = Release|Any CPU
		{17536663-C115-4A35-B2E1-5B146E3D1532}.Debug|Any CPU.ActiveCfg = Debug|Any CPU
		{17536663-C115-4A35-B2E1-5B146E3D1532}.Debug|Any CPU.Build.0 = Debug|Any CPU
		{17536663-C115-4A35-B2E1-5B146E3D1532}.Release|Any CPU.ActiveCfg = Release|Any CPU
		{17536663-C115-4A35-B2E1-5B146E3D1532}.Release|Any CPU.Build.0 = Release|Any CPU
		{3B41297A-78FA-4FBD-97DA-3C2AC4E0AB4A}.Debug|Any CPU.ActiveCfg = Debug|Any CPU
		{3B41297A-78FA-4FBD-97DA-3C2AC4E0AB4A}.Debug|Any CPU.Build.0 = Debug|Any CPU
		{3B41297A-78FA-4FBD-97DA-3C2AC4E0AB4A}.Release|Any CPU.ActiveCfg = Release|Any CPU
		{3B41297A-78FA-4FBD-97DA-3C2AC4E0AB4A}.Release|Any CPU.Build.0 = Release|Any CPU
		{BE2188B0-51FA-441B-A2A8-CB8F443F4682}.Debug|Any CPU.ActiveCfg = Debug|Any CPU
		{BE2188B0-51FA-441B-A2A8-CB8F443F4682}.Debug|Any CPU.Build.0 = Debug|Any CPU
		{BE2188B0-51FA-441B-A2A8-CB8F443F4682}.Release|Any CPU.ActiveCfg = Release|Any CPU
		{BE2188B0-51FA-441B-A2A8-CB8F443F4682}.Release|Any CPU.Build.0 = Release|Any CPU
		{CC0FAC53-627C-4C1F-B0F0-7E75DEDF0A2F}.Debug|Any CPU.ActiveCfg = Debug|Any CPU
		{CC0FAC53-627C-4C1F-B0F0-7E75DEDF0A2F}.Debug|Any CPU.Build.0 = Debug|Any CPU
		{CC0FAC53-627C-4C1F-B0F0-7E75DEDF0A2F}.Release|Any CPU.ActiveCfg = Release|Any CPU
		{CC0FAC53-627C-4C1F-B0F0-7E75DEDF0A2F}.Release|Any CPU.Build.0 = Release|Any CPU
		{ADECC535-B30E-495A-8820-6AEC6EDD0826}.Debug|Any CPU.ActiveCfg = Debug|Any CPU
		{ADECC535-B30E-495A-8820-6AEC6EDD0826}.Debug|Any CPU.Build.0 = Debug|Any CPU
		{ADECC535-B30E-495A-8820-6AEC6EDD0826}.Release|Any CPU.ActiveCfg = Release|Any CPU
		{ADECC535-B30E-495A-8820-6AEC6EDD0826}.Release|Any CPU.Build.0 = Release|Any CPU
		{4839DE81-61C1-448B-A67D-8F54F4FCF13D}.Debug|Any CPU.ActiveCfg = Debug|Any CPU
		{4839DE81-61C1-448B-A67D-8F54F4FCF13D}.Debug|Any CPU.Build.0 = Debug|Any CPU
		{4839DE81-61C1-448B-A67D-8F54F4FCF13D}.Release|Any CPU.ActiveCfg = Release|Any CPU
		{4839DE81-61C1-448B-A67D-8F54F4FCF13D}.Release|Any CPU.Build.0 = Release|Any CPU
		{7D8A5EFE-AFEB-48B6-9772-BB891A415F7E}.Debug|Any CPU.ActiveCfg = Debug|Any CPU
		{7D8A5EFE-AFEB-48B6-9772-BB891A415F7E}.Debug|Any CPU.Build.0 = Debug|Any CPU
		{7D8A5EFE-AFEB-48B6-9772-BB891A415F7E}.Release|Any CPU.ActiveCfg = Release|Any CPU
		{7D8A5EFE-AFEB-48B6-9772-BB891A415F7E}.Release|Any CPU.Build.0 = Release|Any CPU
	EndGlobalSection
	GlobalSection(SolutionProperties) = preSolution
		HideSolutionNode = FALSE
	EndGlobalSection
	GlobalSection(NestedProjects) = preSolution
		{7A9DCF00-FA99-4A3C-8F73-C1E9B903EB05} = {02EA681E-C7D8-13C7-8484-4AC65E1B71E8}
		{4592F065-1DC5-4C1A-AD63-1CCAA8A997F5} = {02EA681E-C7D8-13C7-8484-4AC65E1B71E8}
		{483A9754-9EF4-4ACF-9723-C23AF732B53F} = {7A9DCF00-FA99-4A3C-8F73-C1E9B903EB05}
		{E438BA18-C93C-4DC8-8D45-2445062714D2} = {7A9DCF00-FA99-4A3C-8F73-C1E9B903EB05}
		{9B1ECC56-1621-4F3B-8CCB-768B92FE9CCA} = {7A9DCF00-FA99-4A3C-8F73-C1E9B903EB05}
		{17536663-C115-4A35-B2E1-5B146E3D1532} = {4592F065-1DC5-4C1A-AD63-1CCAA8A997F5}
		{3B41297A-78FA-4FBD-97DA-3C2AC4E0AB4A} = {1C80462E-3364-4FCA-98AE-A50DC1635F2F}
		{BE2188B0-51FA-441B-A2A8-CB8F443F4682} = {1C80462E-3364-4FCA-98AE-A50DC1635F2F}
		{CC0FAC53-627C-4C1F-B0F0-7E75DEDF0A2F} = {1C80462E-3364-4FCA-98AE-A50DC1635F2F}
		{ADECC535-B30E-495A-8820-6AEC6EDD0826} = {1C80462E-3364-4FCA-98AE-A50DC1635F2F}
		{4839DE81-61C1-448B-A67D-8F54F4FCF13D} = {7A9DCF00-FA99-4A3C-8F73-C1E9B903EB05}
		{7D8A5EFE-AFEB-48B6-9772-BB891A415F7E} = {4592F065-1DC5-4C1A-AD63-1CCAA8A997F5}
	EndGlobalSection
	GlobalSection(ExtensibilityGlobals) = postSolution
		SolutionGuid = {2C4AFDAA-3920-4FC7-B399-0430363B46A1}
	EndGlobalSection
EndGlobal
